PODS:
  - BLECentralManager (0.1.0):
    - BLECentralManager/ObjC (= 0.1.0)
  - BLECentralManager/ObjC (0.1.0)

DEPENDENCIES:
  - BLECentralManager (from `../`)

EXTERNAL SOURCES:
  BLECentralManager:
    :path: "../"

SPEC CHECKSUMS:
  BLECentralManager: 579ff52c755af5a0dccdf594865853c612470e68

PODFILE CHECKSUM: aeb5d85af32ac9e039e3f57eb5ce1887ae305fb2

COCOAPODS: 1.0.0
