PODS:
  - BLECentralManager (0.1.0)

DEPENDENCIES:
  - BLECentralManager (from `../`)

EXTERNAL SOURCES:
  BLECentralManager:
    :path: "../"

SPEC CHECKSUMS:
  BLECentralManager: 9a4cf05e2712e975148c61cb773ddf3ba4c0e352

PODFILE CHECKSUM: f410e7be3444832bf08d5288f9ce19e4a7a61ae5

COCOAPODS: 1.0.0
