// !$*UTF8*$!
{
	archiveVersion = 1;
	classes = {
	};
	objectVersion = 46;
	objects = {

/* Begin PBXBuildFile section */
		09A0416189EFE611C0085C84 /* Pods_BLECentralManager_iOS_Swift.framework in Frameworks */ = {isa = PBXBuildFile; fileRef = 92F44638EFC5C06531622358 /* Pods_BLECentralManager_iOS_Swift.framework */; };
		295A14941D257A3A002E2220 /* AppDelegate.swift in Sources */ = {isa = PBXBuildFile; fileRef = 295A14931D257A3A002E2220 /* AppDelegate.swift */; };
		295A14961D257A3A002E2220 /* ViewController.swift in Sources */ = {isa = PBXBuildFile; fileRef = 295A14951D257A3A002E2220 /* ViewController.swift */; };
		295A14991D257A3A002E2220 /* Main.storyboard in Resources */ = {isa = PBXBuildFile; fileRef = 295A14971D257A3A002E2220 /* Main.storyboard */; };
		295A149B1D257A3A002E2220 /* Assets.xcassets in Resources */ = {isa = PBXBuildFile; fileRef = 295A149A1D257A3A002E2220 /* Assets.xcassets */; };
		295A149E1D257A3A002E2220 /* LaunchScreen.storyboard in Resources */ = {isa = PBXBuildFile; fileRef = 295A149C1D257A3A002E2220 /* LaunchScreen.storyboard */; };
/* End PBXBuildFile section */

/* Begin PBXFileReference section */
		295A14901D257A3A002E2220 /* BLECentralManager_iOS_Swift.app */ = {isa = PBXFileReference; explicitFileType = wrapper.application; includeInIndex = 0; path = BLECentralManager_iOS_Swift.app; sourceTree = BUILT_PRODUCTS_DIR; };
		295A14931D257A3A002E2220 /* AppDelegate.swift */ = {isa = PBXFileReference; lastKnownFileType = sourcecode.swift; path = AppDelegate.swift; sourceTree = "<group>"; };
		295A14951D257A3A002E2220 /* ViewController.swift */ = {isa = PBXFileReference; lastKnownFileType = sourcecode.swift; path = ViewController.swift; sourceTree = "<group>"; };
		295A14981D257A3A002E2220 /* Base */ = {isa = PBXFileReference; lastKnownFileType = file.storyboard; name = Base; path = Base.lproj/Main.storyboard; sourceTree = "<group>"; };
		295A149A1D257A3A002E2220 /* Assets.xcassets */ = {isa = PBXFileReference; lastKnownFileType = folder.assetcatalog; path = Assets.xcassets; sourceTree = "<group>"; };
		295A149D1D257A3A002E2220 /* Base */ = {isa = PBXFileReference; lastKnownFileType = file.storyboard; name = Base; path = Base.lproj/LaunchScreen.storyboard; sourceTree = "<group>"; };
		295A149F1D257A3A002E2220 /* Info.plist */ = {isa = PBXFileReference; lastKnownFileType = text.plist.xml; path = Info.plist; sourceTree = "<group>"; };
		7BAA8A4DC29F2D4D234A39FC /* Pods-BLECentralManager_iOS_Swift.release.xcconfig */ = {isa = PBXFileReference; includeInIndex = 1; lastKnownFileType = text.xcconfig; name = "Pods-BLECentralManager_iOS_Swift.release.xcconfig"; path = "Pods/Target Support Files/Pods-BLECentralManager_iOS_Swift/Pods-BLECentralManager_iOS_Swift.release.xcconfig"; sourceTree = "<group>"; };
		92F44638EFC5C06531622358 /* Pods_BLECentralManager_iOS_Swift.framework */ = {isa = PBXFileReference; explicitFileType = wrapper.framework; includeInIndex = 0; path = Pods_BLECentralManager_iOS_Swift.framework; sourceTree = BUILT_PRODUCTS_DIR; };
		CE1A8E719C7C702B099D2F9A /* Pods-BLECentralManager_iOS_Swift.debug.xcconfig */ = {isa = PBXFileReference; includeInIndex = 1; lastKnownFileType = text.xcconfig; name = "Pods-BLECentralManager_iOS_Swift.debug.xcconfig"; path = "Pods/Target Support Files/Pods-BLECentralManager_iOS_Swift/Pods-BLECentralManager_iOS_Swift.debug.xcconfig"; sourceTree = "<group>"; };
/* End PBXFileReference section */

/* Begin PBXFrameworksBuildPhase section */
		295A148D1D257A3A002E2220 /* Frameworks */ = {
			isa = PBXFrameworksBuildPhase;
			buildActionMask = 2147483647;
			files = (
				09A0416189EFE611C0085C84 /* Pods_BLECentralManager_iOS_Swift.framework in Frameworks */,
			);
			runOnlyForDeploymentPostprocessing = 0;
		};
/* End PBXFrameworksBuildPhase section */

/* Begin PBXGroup section */
		295A14871D257A3A002E2220 = {
			isa = PBXGroup;
			children = (
				295A14921D257A3A002E2220 /* BLECentralManager_iOS_Swift */,
				295A14911D257A3A002E2220 /* Products */,
				86C9AD742F16D758F1A5F677 /* Pods */,
				B3ED6B1FE346F5F7B3A72D2B /* Frameworks */,
			);
			sourceTree = "<group>";
		};
		295A14911D257A3A002E2220 /* Products */ = {
			isa = PBXGroup;
			children = (
				295A14901D257A3A002E2220 /* BLECentralManager_iOS_Swift.app */,
			);
			name = Products;
			sourceTree = "<group>";
		};
		295A14921D257A3A002E2220 /* BLECentralManager_iOS_Swift */ = {
			isa = PBXGroup;
			children = (
				295A14931D257A3A002E2220 /* AppDelegate.swift */,
				295A14951D257A3A002E2220 /* ViewController.swift */,
				295A14971D257A3A002E2220 /* Main.storyboard */,
				295A149A1D257A3A002E2220 /* Assets.xcassets */,
				295A149C1D257A3A002E2220 /* LaunchScreen.storyboard */,
				295A149F1D257A3A002E2220 /* Info.plist */,
			);
			path = BLECentralManager_iOS_Swift;
			sourceTree = "<group>";
		};
		86C9AD742F16D758F1A5F677 /* Pods */ = {
			isa = PBXGroup;
			children = (
				CE1A8E719C7C702B099D2F9A /* Pods-BLECentralManager_iOS_Swift.debug.xcconfig */,
				7BAA8A4DC29F2D4D234A39FC /* Pods-BLECentralManager_iOS_Swift.release.xcconfig */,
			);
			name = Pods;
			sourceTree = "<group>";
		};
		B3ED6B1FE346F5F7B3A72D2B /* Frameworks */ = {
			isa = PBXGroup;
			children = (
				92F44638EFC5C06531622358 /* Pods_BLECentralManager_iOS_Swift.framework */,
			);
			name = Frameworks;
			sourceTree = "<group>";
		};
/* End PBXGroup section */

/* Begin PBXNativeTarget section */
		295A148F1D257A3A002E2220 /* BLECentralManager_iOS_Swift */ = {
			isa = PBXNativeTarget;
			buildConfigurationList = 295A14A21D257A3A002E2220 /* Build configuration list for PBXNativeTarget "BLECentralManager_iOS_Swift" */;
			buildPhases = (
				4E1F2A2B533A20F3C2B05DBD /* 📦 Check Pods Manifest.lock */,
				295A148C1D257A3A002E2220 /* Sources */,
				295A148D1D257A3A002E2220 /* Frameworks */,
				295A148E1D257A3A002E2220 /* Resources */,
				FF8FB6ABC1F4E2845F4D0345 /* 📦 Embed Pods Frameworks */,
				8283B0EDF16BB0BDABCF7493 /* 📦 Copy Pods Resources */,
			);
			buildRules = (
			);
			dependencies = (
			);
			name = BLECentralManager_iOS_Swift;
			productName = BLECentralManager_iOS_Swift;
			productReference = 295A14901D257A3A002E2220 /* BLECentralManager_iOS_Swift.app */;
			productType = "com.apple.product-type.application";
		};
/* End PBXNativeTarget section */

/* Begin PBXProject section */
		295A14881D257A3A002E2220 /* Project object */ = {
			isa = PBXProject;
			attributes = {
				LastSwiftUpdateCheck = 0730;
				LastUpgradeCheck = 0730;
				ORGANIZATIONNAME = "kil-dev";
				TargetAttributes = {
					295A148F1D257A3A002E2220 = {
						CreatedOnToolsVersion = 7.3.1;
					};
				};
			};
			buildConfigurationList = 295A148B1D257A3A002E2220 /* Build configuration list for PBXProject "BLECentralManager_iOS_Swift" */;
			compatibilityVersion = "Xcode 3.2";
			developmentRegion = English;
			hasScannedForEncodings = 0;
			knownRegions = (
				en,
				Base,
			);
			mainGroup = 295A14871D257A3A002E2220;
			productRefGroup = 295A14911D257A3A002E2220 /* Products */;
			projectDirPath = "";
			projectRoot = "";
			targets = (
				295A148F1D257A3A002E2220 /* BLECentralManager_iOS_Swift */,
			);
		};
/* End PBXProject section */

/* Begin PBXResourcesBuildPhase section */
		295A148E1D257A3A002E2220 /* Resources */ = {
			isa = PBXResourcesBuildPhase;
			buildActionMask = 2147483647;
			files = (
				295A149E1D257A3A002E2220 /* LaunchScreen.storyboard in Resources */,
				295A149B1D257A3A002E2220 /* Assets.xcassets in Resources */,
				295A14991D257A3A002E2220 /* Main.storyboard in Resources */,
			);
			runOnlyForDeploymentPostprocessing = 0;
		};
/* End PBXResourcesBuildPhase section */

/* Begin PBXShellScriptBuildPhase section */
		4E1F2A2B533A20F3C2B05DBD /* 📦 Check Pods Manifest.lock */ = {
			isa = PBXShellScriptBuildPhase;
			buildActionMask = 2147483647;
			files = (
			);
			inputPaths = (
			);
			name = "📦 Check Pods Manifest.lock";
			outputPaths = (
			);
			runOnlyForDeploymentPostprocessing = 0;
			shellPath = /bin/sh;
			shellScript = "diff \"${PODS_ROOT}/../Podfile.lock\" \"${PODS_ROOT}/Manifest.lock\" > /dev/null\nif [[ $? != 0 ]] ; then\n    cat << EOM\nerror: The sandbox is not in sync with the Podfile.lock. Run 'pod install' or update your CocoaPods installation.\nEOM\n    exit 1\nfi\n";
			showEnvVarsInLog = 0;
		};
		8283B0EDF16BB0BDABCF7493 /* 📦 Copy Pods Resources */ = {
			isa = PBXShellScriptBuildPhase;
			buildActionMask = 2147483647;
			files = (
			);
			inputPaths = (
			);
			name = "📦 Copy Pods Resources";
			outputPaths = (
			);
			runOnlyForDeploymentPostprocessing = 0;
			shellPath = /bin/sh;
			shellScript = "\"${SRCROOT}/Pods/Target Support Files/Pods-BLECentralManager_iOS_Swift/Pods-BLECentralManager_iOS_Swift-resources.sh\"\n";
			showEnvVarsInLog = 0;
		};
		FF8FB6ABC1F4E2845F4D0345 /* 📦 Embed Pods Frameworks */ = {
			isa = PBXShellScriptBuildPhase;
			buildActionMask = 2147483647;
			files = (
			);
			inputPaths = (
			);
			name = "📦 Embed Pods Frameworks";
			outputPaths = (
			);
			runOnlyForDeploymentPostprocessing = 0;
			shellPath = /bin/sh;
			shellScript = "\"${SRCROOT}/Pods/Target Support Files/Pods-BLECentralManager_iOS_Swift/Pods-BLECentralManager_iOS_Swift-frameworks.sh\"\n";
			showEnvVarsInLog = 0;
		};
/* End PBXShellScriptBuildPhase section */

/* Begin PBXSourcesBuildPhase section */
		295A148C1D257A3A002E2220 /* Sources */ = {
			isa = PBXSourcesBuildPhase;
			buildActionMask = 2147483647;
			files = (
				295A14961D257A3A002E2220 /* ViewController.swift in Sources */,
				295A14941D257A3A002E2220 /* AppDelegate.swift in Sources */,
			);
			runOnlyForDeploymentPostprocessing = 0;
		};
/* End PBXSourcesBuildPhase section */

/* Begin PBXVariantGroup section */
		295A14971D257A3A002E2220 /* Main.storyboard */ = {
			isa = PBXVariantGroup;
			children = (
				295A14981D257A3A002E2220 /* Base */,
			);
			name = Main.storyboard;
			sourceTree = "<group>";
		};
		295A149C1D257A3A002E2220 /* LaunchScreen.storyboard */ = {
			isa = PBXVariantGroup;
			children = (
				295A149D1D257A3A002E2220 /* Base */,
			);
			name = LaunchScreen.storyboard;
			sourceTree = "<group>";
		};
/* End PBXVariantGroup section */

/* Begin XCBuildConfiguration section */
		295A14A01D257A3A002E2220 /* Debug */ = {
			isa = XCBuildConfiguration;
			buildSettings = {
				ALWAYS_SEARCH_USER_PATHS = NO;
				CLANG_ANALYZER_NONNULL = YES;
				CLANG_CXX_LANGUAGE_STANDARD = "gnu++0x";
				CLANG_CXX_LIBRARY = "libc++";
				CLANG_ENABLE_MODULES = YES;
				CLANG_ENABLE_OBJC_ARC = YES;
				CLANG_WARN_BOOL_CONVERSION = YES;
				CLANG_WARN_CONSTANT_CONVERSION = YES;
				CLANG_WARN_DIRECT_OBJC_ISA_USAGE = YES_ERROR;
				CLANG_WARN_EMPTY_BODY = YES;
				CLANG_WARN_ENUM_CONVERSION = YES;
				CLANG_WARN_INT_CONVERSION = YES;
				CLANG_WARN_OBJC_ROOT_CLASS = YES_ERROR;
				CLANG_WARN_UNREACHABLE_CODE = YES;
				CLANG_WARN__DUPLICATE_METHOD_MATCH = YES;
				"CODE_SIGN_IDENTITY[sdk=iphoneos*]" = "iPhone Developer";
				COPY_PHASE_STRIP = NO;
				DEBUG_INFORMATION_FORMAT = dwarf;
				ENABLE_STRICT_OBJC_MSGSEND = YES;
				ENABLE_TESTABILITY = YES;
				GCC_C_LANGUAGE_STANDARD = gnu99;
				GCC_DYNAMIC_NO_PIC = NO;
				GCC_NO_COMMON_BLOCKS = YES;
				GCC_OPTIMIZATION_LEVEL = 0;
				GCC_PREPROCESSOR_DEFINITIONS = (
					"DEBUG=1",
					"$(inherited)",
				);
				GCC_WARN_64_TO_32_BIT_CONVERSION = YES;
				GCC_WARN_ABOUT_RETURN_TYPE = YES_ERROR;
				GCC_WARN_UNDECLARED_SELECTOR = YES;
				GCC_WARN_UNINITIALIZED_AUTOS = YES_AGGRESSIVE;
				GCC_WARN_UNUSED_FUNCTION = YES;
				GCC_WARN_UNUSED_VARIABLE = YES;
				IPHONEOS_DEPLOYMENT_TARGET = 9.3;
				MTL_ENABLE_DEBUG_INFO = YES;
				ONLY_ACTIVE_ARCH = YES;
				SDKROOT = iphoneos;
				SWIFT_OPTIMIZATION_LEVEL = "-Onone";
				TARGETED_DEVICE_FAMILY = "1,2";
			};
			name = Debug;
		};
		295A14A11D257A3A002E2220 /* Release */ = {
			isa = XCBuildConfiguration;
			buildSettings = {
				ALWAYS_SEARCH_USER_PATHS = NO;
				CLANG_ANALYZER_NONNULL = YES;
				CLANG_CXX_LANGUAGE_STANDARD = "gnu++0x";
				CLANG_CXX_LIBRARY = "libc++";
				CLANG_ENABLE_MODULES = YES;
				CLANG_ENABLE_OBJC_ARC = YES;
				CLANG_WARN_BOOL_CONVERSION = YES;
				CLANG_WARN_CONSTANT_CONVERSION = YES;
				CLANG_WARN_DIRECT_OBJC_ISA_USAGE = YES_ERROR;
				CLANG_WARN_EMPTY_BODY = YES;
				CLANG_WARN_ENUM_CONVERSION = YES;
				CLANG_WARN_INT_CONVERSION = YES;
				CLANG_WARN_OBJC_ROOT_CLASS = YES_ERROR;
				CLANG_WARN_UNREACHABLE_CODE = YES;
				CLANG_WARN__DUPLICATE_METHOD_MATCH = YES;
				"CODE_SIGN_IDENTITY[sdk=iphoneos*]" = "iPhone Developer";
				COPY_PHASE_STRIP = NO;
				DEBUG_INFORMATION_FORMAT = "dwarf-with-dsym";
				ENABLE_NS_ASSERTIONS = NO;
				ENABLE_STRICT_OBJC_MSGSEND = YES;
				GCC_C_LANGUAGE_STANDARD = gnu99;
				GCC_NO_COMMON_BLOCKS = YES;
				GCC_WARN_64_TO_32_BIT_CONVERSION = YES;
				GCC_WARN_ABOUT_RETURN_TYPE = YES_ERROR;
				GCC_WARN_UNDECLARED_SELECTOR = YES;
				GCC_WARN_UNINITIALIZED_AUTOS = YES_AGGRESSIVE;
				GCC_WARN_UNUSED_FUNCTION = YES;
				GCC_WARN_UNUSED_VARIABLE = YES;
				IPHONEOS_DEPLOYMENT_TARGET = 9.3;
				MTL_ENABLE_DEBUG_INFO = NO;
				SDKROOT = iphoneos;
				TARGETED_DEVICE_FAMILY = "1,2";
				VALIDATE_PRODUCT = YES;
			};
			name = Release;
		};
		295A14A31D257A3A002E2220 /* Debug */ = {
			isa = XCBuildConfiguration;
			baseConfigurationReference = CE1A8E719C7C702B099D2F9A /* Pods-BLECentralManager_iOS_Swift.debug.xcconfig */;
			buildSettings = {
				ASSETCATALOG_COMPILER_APPICON_NAME = AppIcon;
				INFOPLIST_FILE = BLECentralManager_iOS_Swift/Info.plist;
				LD_RUNPATH_SEARCH_PATHS = "$(inherited) @executable_path/Frameworks";
				PRODUCT_BUNDLE_IDENTIFIER = "hu.kil-dev.BLECentralManager-iOS-Swift";
				PRODUCT_NAME = "$(TARGET_NAME)";
			};
			name = Debug;
		};
		295A14A41D257A3A002E2220 /* Release */ = {
			isa = XCBuildConfiguration;
			baseConfigurationReference = 7BAA8A4DC29F2D4D234A39FC /* Pods-BLECentralManager_iOS_Swift.release.xcconfig */;
			buildSettings = {
				ASSETCATALOG_COMPILER_APPICON_NAME = AppIcon;
				INFOPLIST_FILE = BLECentralManager_iOS_Swift/Info.plist;
				LD_RUNPATH_SEARCH_PATHS = "$(inherited) @executable_path/Frameworks";
				PRODUCT_BUNDLE_IDENTIFIER = "hu.kil-dev.BLECentralManager-iOS-Swift";
				PRODUCT_NAME = "$(TARGET_NAME)";
			};
			name = Release;
		};
/* End XCBuildConfiguration section */

/* Begin XCConfigurationList section */
		295A148B1D257A3A002E2220 /* Build configuration list for PBXProject "BLECentralManager_iOS_Swift" */ = {
			isa = XCConfigurationList;
			buildConfigurations = (
				295A14A01D257A3A002E2220 /* Debug */,
				295A14A11D257A3A002E2220 /* Release */,
			);
			defaultConfigurationIsVisible = 0;
			defaultConfigurationName = Release;
		};
		295A14A21D257A3A002E2220 /* Build configuration list for PBXNativeTarget "BLECentralManager_iOS_Swift" */ = {
			isa = XCConfigurationList;
			buildConfigurations = (
				295A14A31D257A3A002E2220 /* Debug */,
				295A14A41D257A3A002E2220 /* Release */,
			);
			defaultConfigurationIsVisible = 0;
			defaultConfigurationName = Release;
		};
/* End XCConfigurationList section */
	};
	rootObject = 295A14881D257A3A002E2220 /* Project object */;
}
