// !$*UTF8*$!
{
	archiveVersion = 1;
	classes = {
	};
	objectVersion = 47;
	objects = {

/* Begin PBXBuildFile section */
		1907796764C1C20004D18D28 /* Pods_BLECentralManager_Mac_Example.framework in Frameworks */ = {isa = PBXBuildFile; fileRef = 93DD39B59431134287D47BE9 /* Pods_BLECentralManager_Mac_Example.framework */; };
		2931C5781D33BAC600D38B76 /* DataCharacteristic.m in Sources */ = {isa = PBXBuildFile; fileRef = 2931C5731D33BAC600D38B76 /* DataCharacteristic.m */; };
		2931C5791D33BAC600D38B76 /* InfoCharacteristic.m in Sources */ = {isa = PBXBuildFile; fileRef = 2931C5761D33BAC600D38B76 /* InfoCharacteristic.m */; };
		29637DF41D22D86D00A5572C /* BLECentralManager.framework in Frameworks */ = {isa = PBXBuildFile; fileRef = 29637DF31D22D86D00A5572C /* BLECentralManager.framework */; };
		2967A8271D242E580045AD4D /* BLECConfigTest.m in Sources */ = {isa = PBXBuildFile; fileRef = 2967A8261D242E580045AD4D /* BLECConfigTest.m */; };
		2967A8291D2430590045AD4D /* BLECentralManager.framework in Frameworks */ = {isa = PBXBuildFile; fileRef = 2967A8281D2430590045AD4D /* BLECentralManager.framework */; };
		297BF3EA1D22D5BA0065512B /* AppDelegate.m in Sources */ = {isa = PBXBuildFile; fileRef = 297BF3E91D22D5BA0065512B /* AppDelegate.m */; };
		297BF3ED1D22D5BA0065512B /* main.m in Sources */ = {isa = PBXBuildFile; fileRef = 297BF3EC1D22D5BA0065512B /* main.m */; };
		297BF3F01D22D5BA0065512B /* ViewController.m in Sources */ = {isa = PBXBuildFile; fileRef = 297BF3EF1D22D5BA0065512B /* ViewController.m */; };
		297BF3F21D22D5BA0065512B /* Assets.xcassets in Resources */ = {isa = PBXBuildFile; fileRef = 297BF3F11D22D5BA0065512B /* Assets.xcassets */; };
		297BF3F51D22D5BA0065512B /* Main.storyboard in Resources */ = {isa = PBXBuildFile; fileRef = 297BF3F31D22D5BA0065512B /* Main.storyboard */; };
		29E4CCAB1D509C5A00808196 /* ControlCharacteristic.m in Sources */ = {isa = PBXBuildFile; fileRef = 29E4CCA91D509C5A00808196 /* ControlCharacteristic.m */; };
		612B8BCA9075F8B88B0E9B27 /* Pods_BLECentralManager_Mac_Tests.framework in Frameworks */ = {isa = PBXBuildFile; fileRef = C86E718A09941215D984302C /* Pods_BLECentralManager_Mac_Tests.framework */; };
/* End PBXBuildFile section */

/* Begin PBXContainerItemProxy section */
		297BF3FC1D22D5BA0065512B /* PBXContainerItemProxy */ = {
			isa = PBXContainerItemProxy;
			containerPortal = 297BF3DD1D22D5BA0065512B /* Project object */;
			proxyType = 1;
			remoteGlobalIDString = 297BF3E41D22D5BA0065512B;
			remoteInfo = BLECentralManager_Mac;
		};
/* End PBXContainerItemProxy section */

/* Begin PBXFileReference section */
		2931C5721D33BAC600D38B76 /* DataCharacteristic.h */ = {isa = PBXFileReference; fileEncoding = 4; lastKnownFileType = sourcecode.c.h; path = DataCharacteristic.h; sourceTree = "<group>"; };
		2931C5731D33BAC600D38B76 /* DataCharacteristic.m */ = {isa = PBXFileReference; fileEncoding = 4; lastKnownFileType = sourcecode.c.objc; path = DataCharacteristic.m; sourceTree = "<group>"; };
		2931C5741D33BAC600D38B76 /* DataCharacteristicDelegate.h */ = {isa = PBXFileReference; fileEncoding = 4; lastKnownFileType = sourcecode.c.h; path = DataCharacteristicDelegate.h; sourceTree = "<group>"; };
		2931C5751D33BAC600D38B76 /* InfoCharacteristic.h */ = {isa = PBXFileReference; fileEncoding = 4; lastKnownFileType = sourcecode.c.h; path = InfoCharacteristic.h; sourceTree = "<group>"; };
		2931C5761D33BAC600D38B76 /* InfoCharacteristic.m */ = {isa = PBXFileReference; fileEncoding = 4; lastKnownFileType = sourcecode.c.objc; path = InfoCharacteristic.m; sourceTree = "<group>"; };
		2931C5771D33BAC600D38B76 /* InfoCharacteristicDelegate.h */ = {isa = PBXFileReference; fileEncoding = 4; lastKnownFileType = sourcecode.c.h; path = InfoCharacteristicDelegate.h; sourceTree = "<group>"; };
		29637DF31D22D86D00A5572C /* BLECentralManager.framework */ = {isa = PBXFileReference; lastKnownFileType = wrapper.framework; name = BLECentralManager.framework; path = "Pods/../build/Debug/BLECentralManager-OSX/BLECentralManager.framework"; sourceTree = "<group>"; };
		29637DFD1D22DDE200A5572C /* BLECentralManager_Mac-prefix.pch */ = {isa = PBXFileReference; lastKnownFileType = sourcecode.c.h; path = "BLECentralManager_Mac-prefix.pch"; sourceTree = "<group>"; };
		2967A8261D242E580045AD4D /* BLECConfigTest.m */ = {isa = PBXFileReference; fileEncoding = 4; lastKnownFileType = sourcecode.c.objc; path = BLECConfigTest.m; sourceTree = "<group>"; };
		2967A8281D2430590045AD4D /* BLECentralManager.framework */ = {isa = PBXFileReference; lastKnownFileType = wrapper.framework; name = BLECentralManager.framework; path = "../../../../Library/Developer/Xcode/DerivedData/BLECentralManager-clnlvjpslhyfdscivpbwsbmhqtqx/Build/Products/Debug/BLECentralManager-OSX/BLECentralManager.framework"; sourceTree = "<group>"; };
		297BF3E51D22D5BA0065512B /* BLECentralManager_Mac_Example.app */ = {isa = PBXFileReference; explicitFileType = wrapper.application; includeInIndex = 0; path = BLECentralManager_Mac_Example.app; sourceTree = BUILT_PRODUCTS_DIR; };
		297BF3E81D22D5BA0065512B /* AppDelegate.h */ = {isa = PBXFileReference; lastKnownFileType = sourcecode.c.h; path = AppDelegate.h; sourceTree = "<group>"; };
		297BF3E91D22D5BA0065512B /* AppDelegate.m */ = {isa = PBXFileReference; lastKnownFileType = sourcecode.c.objc; path = AppDelegate.m; sourceTree = "<group>"; };
		297BF3EC1D22D5BA0065512B /* main.m */ = {isa = PBXFileReference; lastKnownFileType = sourcecode.c.objc; path = main.m; sourceTree = "<group>"; };
		297BF3EE1D22D5BA0065512B /* ViewController.h */ = {isa = PBXFileReference; lastKnownFileType = sourcecode.c.h; path = ViewController.h; sourceTree = "<group>"; };
		297BF3EF1D22D5BA0065512B /* ViewController.m */ = {isa = PBXFileReference; lastKnownFileType = sourcecode.c.objc; path = ViewController.m; sourceTree = "<group>"; };
		297BF3F11D22D5BA0065512B /* Assets.xcassets */ = {isa = PBXFileReference; lastKnownFileType = folder.assetcatalog; path = Assets.xcassets; sourceTree = "<group>"; };
		297BF3F41D22D5BA0065512B /* Base */ = {isa = PBXFileReference; lastKnownFileType = file.storyboard; name = Base; path = Base.lproj/Main.storyboard; sourceTree = "<group>"; };
		297BF3F61D22D5BA0065512B /* Info.plist */ = {isa = PBXFileReference; lastKnownFileType = text.plist.xml; path = Info.plist; sourceTree = "<group>"; };
		297BF3FB1D22D5BA0065512B /* BLECentralManager_Mac_Tests.xctest */ = {isa = PBXFileReference; explicitFileType = wrapper.cfbundle; includeInIndex = 0; path = BLECentralManager_Mac_Tests.xctest; sourceTree = BUILT_PRODUCTS_DIR; };
		297BF4011D22D5BA0065512B /* Info.plist */ = {isa = PBXFileReference; lastKnownFileType = text.plist.xml; path = Info.plist; sourceTree = "<group>"; };
		29E4CCA81D509C5A00808196 /* ControlCharacteristic.h */ = {isa = PBXFileReference; fileEncoding = 4; lastKnownFileType = sourcecode.c.h; path = ControlCharacteristic.h; sourceTree = "<group>"; };
		29E4CCA91D509C5A00808196 /* ControlCharacteristic.m */ = {isa = PBXFileReference; fileEncoding = 4; lastKnownFileType = sourcecode.c.objc; path = ControlCharacteristic.m; sourceTree = "<group>"; };
		29E4CCAA1D509C5A00808196 /* ControlCharacteristicDelegate.h */ = {isa = PBXFileReference; fileEncoding = 4; lastKnownFileType = sourcecode.c.h; path = ControlCharacteristicDelegate.h; sourceTree = "<group>"; };
		5BCB2A279201B6B31AA6C649 /* Pods-BLECentralManager_Mac_Example.release.xcconfig */ = {isa = PBXFileReference; includeInIndex = 1; lastKnownFileType = text.xcconfig; name = "Pods-BLECentralManager_Mac_Example.release.xcconfig"; path = "Pods/Target Support Files/Pods-BLECentralManager_Mac_Example/Pods-BLECentralManager_Mac_Example.release.xcconfig"; sourceTree = "<group>"; };
		93DD39B59431134287D47BE9 /* Pods_BLECentralManager_Mac_Example.framework */ = {isa = PBXFileReference; explicitFileType = wrapper.framework; includeInIndex = 0; path = Pods_BLECentralManager_Mac_Example.framework; sourceTree = BUILT_PRODUCTS_DIR; };
		C86E718A09941215D984302C /* Pods_BLECentralManager_Mac_Tests.framework */ = {isa = PBXFileReference; explicitFileType = wrapper.framework; includeInIndex = 0; path = Pods_BLECentralManager_Mac_Tests.framework; sourceTree = BUILT_PRODUCTS_DIR; };
		D50A23F4D4FB7C66ACD1F662 /* Pods-BLECentralManager_Mac_Tests.release.xcconfig */ = {isa = PBXFileReference; includeInIndex = 1; lastKnownFileType = text.xcconfig; name = "Pods-BLECentralManager_Mac_Tests.release.xcconfig"; path = "Pods/Target Support Files/Pods-BLECentralManager_Mac_Tests/Pods-BLECentralManager_Mac_Tests.release.xcconfig"; sourceTree = "<group>"; };
		E74FF102D47CC1483947D0D9 /* Pods-BLECentralManager_Mac_Example.debug.xcconfig */ = {isa = PBXFileReference; includeInIndex = 1; lastKnownFileType = text.xcconfig; name = "Pods-BLECentralManager_Mac_Example.debug.xcconfig"; path = "Pods/Target Support Files/Pods-BLECentralManager_Mac_Example/Pods-BLECentralManager_Mac_Example.debug.xcconfig"; sourceTree = "<group>"; };
		F980038B2C1B1CFE341B771E /* Pods-BLECentralManager_Mac_Tests.debug.xcconfig */ = {isa = PBXFileReference; includeInIndex = 1; lastKnownFileType = text.xcconfig; name = "Pods-BLECentralManager_Mac_Tests.debug.xcconfig"; path = "Pods/Target Support Files/Pods-BLECentralManager_Mac_Tests/Pods-BLECentralManager_Mac_Tests.debug.xcconfig"; sourceTree = "<group>"; };
/* End PBXFileReference section */

/* Begin PBXFrameworksBuildPhase section */
		297BF3E21D22D5BA0065512B /* Frameworks */ = {
			isa = PBXFrameworksBuildPhase;
			buildActionMask = 2147483647;
			files = (
				29637DF41D22D86D00A5572C /* BLECentralManager.framework in Frameworks */,
				1907796764C1C20004D18D28 /* Pods_BLECentralManager_Mac_Example.framework in Frameworks */,
			);
			runOnlyForDeploymentPostprocessing = 0;
		};
		297BF3F81D22D5BA0065512B /* Frameworks */ = {
			isa = PBXFrameworksBuildPhase;
			buildActionMask = 2147483647;
			files = (
				2967A8291D2430590045AD4D /* BLECentralManager.framework in Frameworks */,
				612B8BCA9075F8B88B0E9B27 /* Pods_BLECentralManager_Mac_Tests.framework in Frameworks */,
			);
			runOnlyForDeploymentPostprocessing = 0;
		};
/* End PBXFrameworksBuildPhase section */

/* Begin PBXGroup section */
		297BF3DC1D22D5BA0065512B = {
			isa = PBXGroup;
			children = (
				297BF3E71D22D5BA0065512B /* BLECentralManager_Mac */,
				297BF3FE1D22D5BA0065512B /* BLECentralManager_Mac_Tests */,
				297BF3E61D22D5BA0065512B /* Products */,
				B785CDFE4FFA33D34E71E288 /* Pods */,
				DF647B1695C8B17240F7F5E9 /* Frameworks */,
			);
			indentWidth = 4;
			sourceTree = "<group>";
			tabWidth = 4;
		};
		297BF3E61D22D5BA0065512B /* Products */ = {
			isa = PBXGroup;
			children = (
				297BF3E51D22D5BA0065512B /* BLECentralManager_Mac_Example.app */,
				297BF3FB1D22D5BA0065512B /* BLECentralManager_Mac_Tests.xctest */,
			);
			name = Products;
			sourceTree = "<group>";
		};
		297BF3E71D22D5BA0065512B /* BLECentralManager_Mac */ = {
			isa = PBXGroup;
			children = (
				2931C5721D33BAC600D38B76 /* DataCharacteristic.h */,
				2931C5731D33BAC600D38B76 /* DataCharacteristic.m */,
				2931C5741D33BAC600D38B76 /* DataCharacteristicDelegate.h */,
				2931C5751D33BAC600D38B76 /* InfoCharacteristic.h */,
				2931C5761D33BAC600D38B76 /* InfoCharacteristic.m */,
				2931C5771D33BAC600D38B76 /* InfoCharacteristicDelegate.h */,
				29E4CCA81D509C5A00808196 /* ControlCharacteristic.h */,
				29E4CCA91D509C5A00808196 /* ControlCharacteristic.m */,
				29E4CCAA1D509C5A00808196 /* ControlCharacteristicDelegate.h */,
				297BF3E81D22D5BA0065512B /* AppDelegate.h */,
				297BF3E91D22D5BA0065512B /* AppDelegate.m */,
				297BF3EE1D22D5BA0065512B /* ViewController.h */,
				297BF3EF1D22D5BA0065512B /* ViewController.m */,
				297BF3F11D22D5BA0065512B /* Assets.xcassets */,
				297BF3F31D22D5BA0065512B /* Main.storyboard */,
				297BF3F61D22D5BA0065512B /* Info.plist */,
				297BF3EB1D22D5BA0065512B /* Supporting Files */,
			);
			path = BLECentralManager_Mac;
			sourceTree = "<group>";
		};
		297BF3EB1D22D5BA0065512B /* Supporting Files */ = {
			isa = PBXGroup;
			children = (
				297BF3EC1D22D5BA0065512B /* main.m */,
				29637DFD1D22DDE200A5572C /* BLECentralManager_Mac-prefix.pch */,
			);
			name = "Supporting Files";
			sourceTree = "<group>";
		};
		297BF3FE1D22D5BA0065512B /* BLECentralManager_Mac_Tests */ = {
			isa = PBXGroup;
			children = (
				2967A8261D242E580045AD4D /* BLECConfigTest.m */,
				297BF4011D22D5BA0065512B /* Info.plist */,
			);
			path = BLECentralManager_Mac_Tests;
			sourceTree = "<group>";
		};
		B785CDFE4FFA33D34E71E288 /* Pods */ = {
			isa = PBXGroup;
			children = (
				E74FF102D47CC1483947D0D9 /* Pods-BLECentralManager_Mac_Example.debug.xcconfig */,
				5BCB2A279201B6B31AA6C649 /* Pods-BLECentralManager_Mac_Example.release.xcconfig */,
				F980038B2C1B1CFE341B771E /* Pods-BLECentralManager_Mac_Tests.debug.xcconfig */,
				D50A23F4D4FB7C66ACD1F662 /* Pods-BLECentralManager_Mac_Tests.release.xcconfig */,
			);
			name = Pods;
			sourceTree = "<group>";
		};
		DF647B1695C8B17240F7F5E9 /* Frameworks */ = {
			isa = PBXGroup;
			children = (
				2967A8281D2430590045AD4D /* BLECentralManager.framework */,
				29637DF31D22D86D00A5572C /* BLECentralManager.framework */,
				93DD39B59431134287D47BE9 /* Pods_BLECentralManager_Mac_Example.framework */,
				C86E718A09941215D984302C /* Pods_BLECentralManager_Mac_Tests.framework */,
			);
			name = Frameworks;
			sourceTree = "<group>";
		};
/* End PBXGroup section */

/* Begin PBXNativeTarget section */
		297BF3E41D22D5BA0065512B /* BLECentralManager_Mac_Example */ = {
			isa = PBXNativeTarget;
			buildConfigurationList = 297BF4041D22D5BA0065512B /* Build configuration list for PBXNativeTarget "BLECentralManager_Mac_Example" */;
			buildPhases = (
				BF3391FC087D4EB72124B15B /* 📦 Check Pods Manifest.lock */,
				297BF3E11D22D5BA0065512B /* Sources */,
				297BF3E21D22D5BA0065512B /* Frameworks */,
				297BF3E31D22D5BA0065512B /* Resources */,
				9F8106EB30C98B0DC43CE23E /* 📦 Embed Pods Frameworks */,
				904C94B2EB3CE4C1C8911832 /* 📦 Copy Pods Resources */,
			);
			buildRules = (
			);
			dependencies = (
			);
			name = BLECentralManager_Mac_Example;
			productName = BLECentralManager_Mac;
			productReference = 297BF3E51D22D5BA0065512B /* BLECentralManager_Mac_Example.app */;
			productType = "com.apple.product-type.application";
		};
		297BF3FA1D22D5BA0065512B /* BLECentralManager_Mac_Tests */ = {
			isa = PBXNativeTarget;
			buildConfigurationList = 297BF4071D22D5BA0065512B /* Build configuration list for PBXNativeTarget "BLECentralManager_Mac_Tests" */;
			buildPhases = (
				2EB90D46819D0A7B98B8D51D /* 📦 Check Pods Manifest.lock */,
				297BF3F71D22D5BA0065512B /* Sources */,
				297BF3F81D22D5BA0065512B /* Frameworks */,
				297BF3F91D22D5BA0065512B /* Resources */,
				5ACF28E185AE9AB1FE2AC1A1 /* 📦 Embed Pods Frameworks */,
				F7BF007E9E608A1B8C758C53 /* 📦 Copy Pods Resources */,
			);
			buildRules = (
			);
			dependencies = (
				297BF3FD1D22D5BA0065512B /* PBXTargetDependency */,
			);
			name = BLECentralManager_Mac_Tests;
			productName = BLECentralManager_Mac_Tests;
			productReference = 297BF3FB1D22D5BA0065512B /* BLECentralManager_Mac_Tests.xctest */;
			productType = "com.apple.product-type.bundle.unit-test";
		};
/* End PBXNativeTarget section */

/* Begin PBXProject section */
		297BF3DD1D22D5BA0065512B /* Project object */ = {
			isa = PBXProject;
			attributes = {
				LastUpgradeCheck = 0730;
				ORGANIZATIONNAME = "kil-dev";
				TargetAttributes = {
					297BF3E41D22D5BA0065512B = {
						CreatedOnToolsVersion = 7.3.1;
					};
					297BF3FA1D22D5BA0065512B = {
						CreatedOnToolsVersion = 7.3.1;
						TestTargetID = 297BF3E41D22D5BA0065512B;
					};
				};
			};
			buildConfigurationList = 297BF3E01D22D5BA0065512B /* Build configuration list for PBXProject "BLECentralManager_Mac" */;
			compatibilityVersion = "Xcode 6.3";
			developmentRegion = English;
			hasScannedForEncodings = 0;
			knownRegions = (
				en,
				Base,
			);
			mainGroup = 297BF3DC1D22D5BA0065512B;
			productRefGroup = 297BF3E61D22D5BA0065512B /* Products */;
			projectDirPath = "";
			projectRoot = "";
			targets = (
				297BF3E41D22D5BA0065512B /* BLECentralManager_Mac_Example */,
				297BF3FA1D22D5BA0065512B /* BLECentralManager_Mac_Tests */,
			);
		};
/* End PBXProject section */

/* Begin PBXResourcesBuildPhase section */
		297BF3E31D22D5BA0065512B /* Resources */ = {
			isa = PBXResourcesBuildPhase;
			buildActionMask = 2147483647;
			files = (
				297BF3F21D22D5BA0065512B /* Assets.xcassets in Resources */,
				297BF3F51D22D5BA0065512B /* Main.storyboard in Resources */,
			);
			runOnlyForDeploymentPostprocessing = 0;
		};
		297BF3F91D22D5BA0065512B /* Resources */ = {
			isa = PBXResourcesBuildPhase;
			buildActionMask = 2147483647;
			files = (
			);
			runOnlyForDeploymentPostprocessing = 0;
		};
/* End PBXResourcesBuildPhase section */

/* Begin PBXShellScriptBuildPhase section */
		2EB90D46819D0A7B98B8D51D /* 📦 Check Pods Manifest.lock */ = {
			isa = PBXShellScriptBuildPhase;
			buildActionMask = 2147483647;
			files = (
			);
			inputPaths = (
			);
			name = "📦 Check Pods Manifest.lock";
			outputPaths = (
			);
			runOnlyForDeploymentPostprocessing = 0;
			shellPath = /bin/sh;
			shellScript = "diff \"${PODS_ROOT}/../Podfile.lock\" \"${PODS_ROOT}/Manifest.lock\" > /dev/null\nif [[ $? != 0 ]] ; then\n    cat << EOM\nerror: The sandbox is not in sync with the Podfile.lock. Run 'pod install' or update your CocoaPods installation.\nEOM\n    exit 1\nfi\n";
			showEnvVarsInLog = 0;
		};
		5ACF28E185AE9AB1FE2AC1A1 /* 📦 Embed Pods Frameworks */ = {
			isa = PBXShellScriptBuildPhase;
			buildActionMask = 2147483647;
			files = (
			);
			inputPaths = (
			);
			name = "📦 Embed Pods Frameworks";
			outputPaths = (
			);
			runOnlyForDeploymentPostprocessing = 0;
			shellPath = /bin/sh;
			shellScript = "\"${SRCROOT}/Pods/Target Support Files/Pods-BLECentralManager_Mac_Tests/Pods-BLECentralManager_Mac_Tests-frameworks.sh\"\n";
			showEnvVarsInLog = 0;
		};
		904C94B2EB3CE4C1C8911832 /* 📦 Copy Pods Resources */ = {
			isa = PBXShellScriptBuildPhase;
			buildActionMask = 2147483647;
			files = (
			);
			inputPaths = (
			);
			name = "📦 Copy Pods Resources";
			outputPaths = (
			);
			runOnlyForDeploymentPostprocessing = 0;
			shellPath = /bin/sh;
			shellScript = "\"${SRCROOT}/Pods/Target Support Files/Pods-BLECentralManager_Mac_Example/Pods-BLECentralManager_Mac_Example-resources.sh\"\n";
			showEnvVarsInLog = 0;
		};
		9F8106EB30C98B0DC43CE23E /* 📦 Embed Pods Frameworks */ = {
			isa = PBXShellScriptBuildPhase;
			buildActionMask = 2147483647;
			files = (
			);
			inputPaths = (
			);
			name = "📦 Embed Pods Frameworks";
			outputPaths = (
			);
			runOnlyForDeploymentPostprocessing = 0;
			shellPath = /bin/sh;
			shellScript = "\"${SRCROOT}/Pods/Target Support Files/Pods-BLECentralManager_Mac_Example/Pods-BLECentralManager_Mac_Example-frameworks.sh\"\n";
			showEnvVarsInLog = 0;
		};
		BF3391FC087D4EB72124B15B /* 📦 Check Pods Manifest.lock */ = {
			isa = PBXShellScriptBuildPhase;
			buildActionMask = 2147483647;
			files = (
			);
			inputPaths = (
			);
			name = "📦 Check Pods Manifest.lock";
			outputPaths = (
			);
			runOnlyForDeploymentPostprocessing = 0;
			shellPath = /bin/sh;
			shellScript = "diff \"${PODS_ROOT}/../Podfile.lock\" \"${PODS_ROOT}/Manifest.lock\" > /dev/null\nif [[ $? != 0 ]] ; then\n    cat << EOM\nerror: The sandbox is not in sync with the Podfile.lock. Run 'pod install' or update your CocoaPods installation.\nEOM\n    exit 1\nfi\n";
			showEnvVarsInLog = 0;
		};
		F7BF007E9E608A1B8C758C53 /* 📦 Copy Pods Resources */ = {
			isa = PBXShellScriptBuildPhase;
			buildActionMask = 2147483647;
			files = (
			);
			inputPaths = (
			);
			name = "📦 Copy Pods Resources";
			outputPaths = (
			);
			runOnlyForDeploymentPostprocessing = 0;
			shellPath = /bin/sh;
			shellScript = "\"${SRCROOT}/Pods/Target Support Files/Pods-BLECentralManager_Mac_Tests/Pods-BLECentralManager_Mac_Tests-resources.sh\"\n";
			showEnvVarsInLog = 0;
		};
/* End PBXShellScriptBuildPhase section */

/* Begin PBXSourcesBuildPhase section */
		297BF3E11D22D5BA0065512B /* Sources */ = {
			isa = PBXSourcesBuildPhase;
			buildActionMask = 2147483647;
			files = (
				29E4CCAB1D509C5A00808196 /* ControlCharacteristic.m in Sources */,
				2931C5791D33BAC600D38B76 /* InfoCharacteristic.m in Sources */,
				297BF3F01D22D5BA0065512B /* ViewController.m in Sources */,
				297BF3ED1D22D5BA0065512B /* main.m in Sources */,
				2931C5781D33BAC600D38B76 /* DataCharacteristic.m in Sources */,
				297BF3EA1D22D5BA0065512B /* AppDelegate.m in Sources */,
			);
			runOnlyForDeploymentPostprocessing = 0;
		};
		297BF3F71D22D5BA0065512B /* Sources */ = {
			isa = PBXSourcesBuildPhase;
			buildActionMask = 2147483647;
			files = (
				2967A8271D242E580045AD4D /* BLECConfigTest.m in Sources */,
			);
			runOnlyForDeploymentPostprocessing = 0;
		};
/* End PBXSourcesBuildPhase section */

/* Begin PBXTargetDependency section */
		297BF3FD1D22D5BA0065512B /* PBXTargetDependency */ = {
			isa = PBXTargetDependency;
			target = 297BF3E41D22D5BA0065512B /* BLECentralManager_Mac_Example */;
			targetProxy = 297BF3FC1D22D5BA0065512B /* PBXContainerItemProxy */;
		};
/* End PBXTargetDependency section */

/* Begin PBXVariantGroup section */
		297BF3F31D22D5BA0065512B /* Main.storyboard */ = {
			isa = PBXVariantGroup;
			children = (
				297BF3F41D22D5BA0065512B /* Base */,
			);
			name = Main.storyboard;
			sourceTree = "<group>";
		};
/* End PBXVariantGroup section */

/* Begin XCBuildConfiguration section */
		297BF4021D22D5BA0065512B /* Debug */ = {
			isa = XCBuildConfiguration;
			buildSettings = {
				ALWAYS_SEARCH_USER_PATHS = NO;
				CLANG_ANALYZER_NONNULL = YES;
				CLANG_CXX_LANGUAGE_STANDARD = "gnu++0x";
				CLANG_CXX_LIBRARY = "libc++";
				CLANG_ENABLE_MODULES = YES;
				CLANG_ENABLE_OBJC_ARC = YES;
				CLANG_WARN_BOOL_CONVERSION = YES;
				CLANG_WARN_CONSTANT_CONVERSION = YES;
				CLANG_WARN_DIRECT_OBJC_ISA_USAGE = YES_ERROR;
				CLANG_WARN_EMPTY_BODY = YES;
				CLANG_WARN_ENUM_CONVERSION = YES;
				CLANG_WARN_INT_CONVERSION = YES;
				CLANG_WARN_OBJC_ROOT_CLASS = YES_ERROR;
				CLANG_WARN_UNREACHABLE_CODE = YES;
				CLANG_WARN__DUPLICATE_METHOD_MATCH = YES;
				CODE_SIGN_IDENTITY = "-";
				COPY_PHASE_STRIP = NO;
				DEBUG_INFORMATION_FORMAT = dwarf;
				ENABLE_STRICT_OBJC_MSGSEND = YES;
				ENABLE_TESTABILITY = YES;
				GCC_C_LANGUAGE_STANDARD = gnu99;
				GCC_DYNAMIC_NO_PIC = NO;
				GCC_NO_COMMON_BLOCKS = YES;
				GCC_OPTIMIZATION_LEVEL = 0;
				GCC_PREPROCESSOR_DEFINITIONS = (
					"DEBUG=1",
					"$(inherited)",
				);
				GCC_WARN_64_TO_32_BIT_CONVERSION = YES;
				GCC_WARN_ABOUT_RETURN_TYPE = YES_ERROR;
				GCC_WARN_UNDECLARED_SELECTOR = YES;
				GCC_WARN_UNINITIALIZED_AUTOS = YES_AGGRESSIVE;
				GCC_WARN_UNUSED_FUNCTION = YES;
				GCC_WARN_UNUSED_VARIABLE = YES;
				MACOSX_DEPLOYMENT_TARGET = 10.11;
				MTL_ENABLE_DEBUG_INFO = YES;
				ONLY_ACTIVE_ARCH = YES;
				SDKROOT = macosx;
			};
			name = Debug;
		};
		297BF4031D22D5BA0065512B /* Release */ = {
			isa = XCBuildConfiguration;
			buildSettings = {
				ALWAYS_SEARCH_USER_PATHS = NO;
				CLANG_ANALYZER_NONNULL = YES;
				CLANG_CXX_LANGUAGE_STANDARD = "gnu++0x";
				CLANG_CXX_LIBRARY = "libc++";
				CLANG_ENABLE_MODULES = YES;
				CLANG_ENABLE_OBJC_ARC = YES;
				CLANG_WARN_BOOL_CONVERSION = YES;
				CLANG_WARN_CONSTANT_CONVERSION = YES;
				CLANG_WARN_DIRECT_OBJC_ISA_USAGE = YES_ERROR;
				CLANG_WARN_EMPTY_BODY = YES;
				CLANG_WARN_ENUM_CONVERSION = YES;
				CLANG_WARN_INT_CONVERSION = YES;
				CLANG_WARN_OBJC_ROOT_CLASS = YES_ERROR;
				CLANG_WARN_UNREACHABLE_CODE = YES;
				CLANG_WARN__DUPLICATE_METHOD_MATCH = YES;
				CODE_SIGN_IDENTITY = "-";
				COPY_PHASE_STRIP = NO;
				DEBUG_INFORMATION_FORMAT = "dwarf-with-dsym";
				ENABLE_NS_ASSERTIONS = NO;
				ENABLE_STRICT_OBJC_MSGSEND = YES;
				GCC_C_LANGUAGE_STANDARD = gnu99;
				GCC_NO_COMMON_BLOCKS = YES;
				GCC_WARN_64_TO_32_BIT_CONVERSION = YES;
				GCC_WARN_ABOUT_RETURN_TYPE = YES_ERROR;
				GCC_WARN_UNDECLARED_SELECTOR = YES;
				GCC_WARN_UNINITIALIZED_AUTOS = YES_AGGRESSIVE;
				GCC_WARN_UNUSED_FUNCTION = YES;
				GCC_WARN_UNUSED_VARIABLE = YES;
				MACOSX_DEPLOYMENT_TARGET = 10.11;
				MTL_ENABLE_DEBUG_INFO = NO;
				SDKROOT = macosx;
			};
			name = Release;
		};
		297BF4051D22D5BA0065512B /* Debug */ = {
			isa = XCBuildConfiguration;
			baseConfigurationReference = E74FF102D47CC1483947D0D9 /* Pods-BLECentralManager_Mac_Example.debug.xcconfig */;
			buildSettings = {
				ASSETCATALOG_COMPILER_APPICON_NAME = AppIcon;
				COMBINE_HIDPI_IMAGES = YES;
				FRAMEWORK_SEARCH_PATHS = "$(inherited)";
				GCC_PRECOMPILE_PREFIX_HEADER = YES;
				GCC_PREFIX_HEADER = "BLECentralManager_Mac/BLECentralManager_Mac-prefix.pch";
				INFOPLIST_FILE = BLECentralManager_Mac/Info.plist;
				LD_RUNPATH_SEARCH_PATHS = "$(inherited) @executable_path/../Frameworks";
				PRODUCT_BUNDLE_IDENTIFIER = "hu.kil-dev.BLECentralManager-Mac";
				PRODUCT_NAME = "$(TARGET_NAME)";
			};
			name = Debug;
		};
		297BF4061D22D5BA0065512B /* Release */ = {
			isa = XCBuildConfiguration;
			baseConfigurationReference = 5BCB2A279201B6B31AA6C649 /* Pods-BLECentralManager_Mac_Example.release.xcconfig */;
			buildSettings = {
				ASSETCATALOG_COMPILER_APPICON_NAME = AppIcon;
				COMBINE_HIDPI_IMAGES = YES;
				FRAMEWORK_SEARCH_PATHS = (
					"$(inherited)",
					"$(PROJECT_DIR)/build/Debug/BLECentralManager-OSX",
				);
				GCC_PRECOMPILE_PREFIX_HEADER = YES;
				GCC_PREFIX_HEADER = "BLECentralManager_Mac/BLECentralManager_Mac-prefix.pch";
				INFOPLIST_FILE = BLECentralManager_Mac/Info.plist;
				LD_RUNPATH_SEARCH_PATHS = "$(inherited) @executable_path/../Frameworks";
				PRODUCT_BUNDLE_IDENTIFIER = "hu.kil-dev.BLECentralManager-Mac";
				PRODUCT_NAME = "$(TARGET_NAME)";
			};
			name = Release;
		};
		297BF4081D22D5BA0065512B /* Debug */ = {
			isa = XCBuildConfiguration;
			baseConfigurationReference = F980038B2C1B1CFE341B771E /* Pods-BLECentralManager_Mac_Tests.debug.xcconfig */;
			buildSettings = {
				BUNDLE_LOADER = "$(TEST_HOST)";
				COMBINE_HIDPI_IMAGES = YES;
				INFOPLIST_FILE = BLECentralManager_Mac_Tests/Info.plist;
				LD_RUNPATH_SEARCH_PATHS = "$(inherited) @executable_path/../Frameworks @loader_path/../Frameworks";
				PRODUCT_BUNDLE_IDENTIFIER = "hu.kil-dev.BLECentralManager-MacTests";
				PRODUCT_NAME = "$(TARGET_NAME)";
				TEST_HOST = "$(BUILT_PRODUCTS_DIR)/BLECentralManager_Mac_Example.app/Contents/MacOS/BLECentralManager_Mac_Example";
			};
			name = Debug;
		};
		297BF4091D22D5BA0065512B /* Release */ = {
			isa = XCBuildConfiguration;
			baseConfigurationReference = D50A23F4D4FB7C66ACD1F662 /* Pods-BLECentralManager_Mac_Tests.release.xcconfig */;
			buildSettings = {
				BUNDLE_LOADER = "$(TEST_HOST)";
				COMBINE_HIDPI_IMAGES = YES;
				INFOPLIST_FILE = BLECentralManager_Mac_Tests/Info.plist;
				LD_RUNPATH_SEARCH_PATHS = "$(inherited) @executable_path/../Frameworks @loader_path/../Frameworks";
				PRODUCT_BUNDLE_IDENTIFIER = "hu.kil-dev.BLECentralManager-MacTests";
				PRODUCT_NAME = "$(TARGET_NAME)";
				TEST_HOST = "$(BUILT_PRODUCTS_DIR)/BLECentralManager_Mac_Example.app/Contents/MacOS/BLECentralManager_Mac_Example";
			};
			name = Release;
		};
/* End XCBuildConfiguration section */

/* Begin XCConfigurationList section */
		297BF3E01D22D5BA0065512B /* Build configuration list for PBXProject "BLECentralManager_Mac" */ = {
			isa = XCConfigurationList;
			buildConfigurations = (
				297BF4021D22D5BA0065512B /* Debug */,
				297BF4031D22D5BA0065512B /* Release */,
			);
			defaultConfigurationIsVisible = 0;
			defaultConfigurationName = Release;
		};
		297BF4041D22D5BA0065512B /* Build configuration list for PBXNativeTarget "BLECentralManager_Mac_Example" */ = {
			isa = XCConfigurationList;
			buildConfigurations = (
				297BF4051D22D5BA0065512B /* Debug */,
				297BF4061D22D5BA0065512B /* Release */,
			);
			defaultConfigurationIsVisible = 0;
			defaultConfigurationName = Release;
		};
		297BF4071D22D5BA0065512B /* Build configuration list for PBXNativeTarget "BLECentralManager_Mac_Tests" */ = {
			isa = XCConfigurationList;
			buildConfigurations = (
				297BF4081D22D5BA0065512B /* Debug */,
				297BF4091D22D5BA0065512B /* Release */,
			);
			defaultConfigurationIsVisible = 0;
			defaultConfigurationName = Release;
		};
/* End XCConfigurationList section */
	};
	rootObject = 297BF3DD1D22D5BA0065512B /* Project object */;
}
